
Microsoft Visual Studio Solution File, Format Version 12.00
# Visual Studio Version 16
VisualStudioVersion = 16.0.32002.261
MinimumVisualStudioVersion = 10.0.40219.1
Project("{FAE04EC0-301F-11D3-BF4B-00C04F79EFBC}") = "AutoRental", "AutoRental.csproj", "{9AFA4D46-90AD-4E49-96BC-20AEFCDC23EC}"
EndProject
Global
	GlobalSection(SolutionConfigurationPlatforms) = preSolution
		Debug|Any CPU = Debug|Any CPU
		Release|Any CPU = Release|Any CPU
	EndGlobalSection
	GlobalSection(ProjectConfigurationPlatforms) = postSolution
		{9AFA4D46-90AD-4E49-96BC-20AEFCDC23EC}.Debug|Any CPU.ActiveCfg = Debug|Any CPU
		{9AFA4D46-90AD-4E49-96BC-20AEFCDC23EC}.Debug|Any CPU.Build.0 = Debug|Any CPU
		{9AFA4D46-90AD-4E49-96BC-20AEFCDC23EC}.Release|Any CPU.ActiveCfg = Release|Any CPU
		{9AFA4D46-90AD-4E49-96BC-20AEFCDC23EC}.Release|Any CPU.Build.0 = Release|Any CPU
	EndGlobalSection
	GlobalSection(SolutionProperties) = preSolution
		HideSolutionNode = FALSE
	EndGlobalSection
	GlobalSection(ExtensibilityGlobals) = postSolution
		SolutionGuid = {142F7FF7-FAC5-48D7-A4B9-6417351F7281}
	EndGlobalSection
EndGlobal
